
Microsoft Visual Studio Solution File, Format Version 12.00
# Visual Studio 15
VisualStudioVersion = 15.0.27004.2010
MinimumVisualStudioVersion = 10.0.40219.1
Project("{888888A0-9F3D-457C-B088-3A5042F75D52}") = "SRMpython", "SRMpython\SRMpython.pyproj", "{7E63C1D8-21F3-4F0C-B71D-39F4337950B9}"
EndProject
Global
	GlobalSection(SolutionConfigurationPlatforms) = preSolution
		Debug|Any CPU = Debug|Any CPU
		Release|Any CPU = Release|Any CPU
	EndGlobalSection
	GlobalSection(ProjectConfigurationPlatforms) = postSolution
		{7E63C1D8-21F3-4F0C-B71D-39F4337950B9}.Debug|Any CPU.ActiveCfg = Debug|Any CPU
		{7E63C1D8-21F3-4F0C-B71D-39F4337950B9}.Release|Any CPU.ActiveCfg = Release|Any CPU
	EndGlobalSection
	GlobalSection(SolutionProperties) = preSolution
		HideSolutionNode = FALSE
	EndGlobalSection
	GlobalSection(ExtensibilityGlobals) = postSolution
		SolutionGuid = {85F07986-1A5B-480B-A4AA-DA5A625DC0CE}
	EndGlobalSection
EndGlobal
